// !$*UTF8*$!
{
	archiveVersion = 1;
	classes = {
	};
	objectVersion = 55;
	objects = {

/* Begin PBXBuildFile section */
		4DAF9C982819B44A005F1CE3 /* addViewController.swift in Sources */ = {isa = PBXBuildFile; fileRef = 4DAF9C972819B44A005F1CE3 /* addViewController.swift */; };
		4DAF9C9A2819B7F5005F1CE3 /* ActDataModel.swift in Sources */ = {isa = PBXBuildFile; fileRef = 4DAF9C992819B7F5005F1CE3 /* ActDataModel.swift */; };
		4DAF9C9C2819B91D005F1CE3 /* ActDetail.swift in Sources */ = {isa = PBXBuildFile; fileRef = 4DAF9C9B2819B91D005F1CE3 /* ActDetail.swift */; };
		4DBC1FD9281B1C6400A297FB /* ActivityTableViewCell.swift in Sources */ = {isa = PBXBuildFile; fileRef = 4DBC1FD7281B1C6400A297FB /* ActivityTableViewCell.swift */; };
		4DBC1FDA281B1C6400A297FB /* ActivityTableViewCell.xib in Resources */ = {isa = PBXBuildFile; fileRef = 4DBC1FD8281B1C6400A297FB /* ActivityTableViewCell.xib */; };
		4DF187A528191D08002FD955 /* AppDelegate.swift in Sources */ = {isa = PBXBuildFile; fileRef = 4DF187A428191D08002FD955 /* AppDelegate.swift */; };
		4DF187A728191D08002FD955 /* SceneDelegate.swift in Sources */ = {isa = PBXBuildFile; fileRef = 4DF187A628191D08002FD955 /* SceneDelegate.swift */; };
		4DF187A928191D08002FD955 /* ViewController.swift in Sources */ = {isa = PBXBuildFile; fileRef = 4DF187A828191D08002FD955 /* ViewController.swift */; };
		4DF187AC28191D08002FD955 /* Main.storyboard in Resources */ = {isa = PBXBuildFile; fileRef = 4DF187AA28191D08002FD955 /* Main.storyboard */; };
		4DF187AE28191D0A002FD955 /* Assets.xcassets in Resources */ = {isa = PBXBuildFile; fileRef = 4DF187AD28191D0A002FD955 /* Assets.xcassets */; };
		4DF187B128191D0A002FD955 /* LaunchScreen.storyboard in Resources */ = {isa = PBXBuildFile; fileRef = 4DF187AF28191D0A002FD955 /* LaunchScreen.storyboard */; };
/* End PBXBuildFile section */

/* Begin PBXFileReference section */
		4DAF9C972819B44A005F1CE3 /* addViewController.swift */ = {isa = PBXFileReference; lastKnownFileType = sourcecode.swift; path = addViewController.swift; sourceTree = "<group>"; };
		4DAF9C992819B7F5005F1CE3 /* ActDataModel.swift */ = {isa = PBXFileReference; lastKnownFileType = sourcecode.swift; path = ActDataModel.swift; sourceTree = "<group>"; };
		4DAF9C9B2819B91D005F1CE3 /* ActDetail.swift */ = {isa = PBXFileReference; lastKnownFileType = sourcecode.swift; path = ActDetail.swift; sourceTree = "<group>"; };
		4DBC1FD7281B1C6400A297FB /* ActivityTableViewCell.swift */ = {isa = PBXFileReference; lastKnownFileType = sourcecode.swift; path = ActivityTableViewCell.swift; sourceTree = "<group>"; };
		4DBC1FD8281B1C6400A297FB /* ActivityTableViewCell.xib */ = {isa = PBXFileReference; lastKnownFileType = file.xib; path = ActivityTableViewCell.xib; sourceTree = "<group>"; };
		4DF187A128191D08002FD955 /* nano1.app */ = {isa = PBXFileReference; explicitFileType = wrapper.application; includeInIndex = 0; path = nano1.app; sourceTree = BUILT_PRODUCTS_DIR; };
		4DF187A428191D08002FD955 /* AppDelegate.swift */ = {isa = PBXFileReference; lastKnownFileType = sourcecode.swift; path = AppDelegate.swift; sourceTree = "<group>"; };
		4DF187A628191D08002FD955 /* SceneDelegate.swift */ = {isa = PBXFileReference; lastKnownFileType = sourcecode.swift; path = SceneDelegate.swift; sourceTree = "<group>"; };
		4DF187A828191D08002FD955 /* ViewController.swift */ = {isa = PBXFileReference; lastKnownFileType = sourcecode.swift; path = ViewController.swift; sourceTree = "<group>"; };
		4DF187AB28191D08002FD955 /* Base */ = {isa = PBXFileReference; lastKnownFileType = file.storyboard; name = Base; path = Base.lproj/Main.storyboard; sourceTree = "<group>"; };
		4DF187AD28191D0A002FD955 /* Assets.xcassets */ = {isa = PBXFileReference; lastKnownFileType = folder.assetcatalog; path = Assets.xcassets; sourceTree = "<group>"; };
		4DF187B028191D0A002FD955 /* Base */ = {isa = PBXFileReference; lastKnownFileType = file.storyboard; name = Base; path = Base.lproj/LaunchScreen.storyboard; sourceTree = "<group>"; };
		4DF187B228191D0A002FD955 /* Info.plist */ = {isa = PBXFileReference; lastKnownFileType = text.plist.xml; path = Info.plist; sourceTree = "<group>"; };
/* End PBXFileReference section */

/* Begin PBXFrameworksBuildPhase section */
		4DF1879E28191D08002FD955 /* Frameworks */ = {
			isa = PBXFrameworksBuildPhase;
			buildActionMask = 2147483647;
			files = (
			);
			runOnlyForDeploymentPostprocessing = 0;
		};
/* End PBXFrameworksBuildPhase section */

/* Begin PBXGroup section */
		4DBC1FDB281B1C6D00A297FB /* Main Table View */ = {
			isa = PBXGroup;
			children = (
				4DBC1FD7281B1C6400A297FB /* ActivityTableViewCell.swift */,
				4DBC1FD8281B1C6400A297FB /* ActivityTableViewCell.xib */,
			);
			path = "Main Table View";
			sourceTree = "<group>";
		};
		4DF1879828191D08002FD955 = {
			isa = PBXGroup;
			children = (
				4DF187A328191D08002FD955 /* nano1 */,
				4DF187A228191D08002FD955 /* Products */,
			);
			sourceTree = "<group>";
		};
		4DF187A228191D08002FD955 /* Products */ = {
			isa = PBXGroup;
			children = (
				4DF187A128191D08002FD955 /* nano1.app */,
			);
			name = Products;
			sourceTree = "<group>";
		};
		4DF187A328191D08002FD955 /* nano1 */ = {
			isa = PBXGroup;
			children = (
				4DBC1FDB281B1C6D00A297FB /* Main Table View */,
				4DF187A428191D08002FD955 /* AppDelegate.swift */,
				4DF187A628191D08002FD955 /* SceneDelegate.swift */,
				4DF187A828191D08002FD955 /* ViewController.swift */,
				4DF187AA28191D08002FD955 /* Main.storyboard */,
				4DAF9C992819B7F5005F1CE3 /* ActDataModel.swift */,
				4DAF9C9B2819B91D005F1CE3 /* ActDetail.swift */,
				4DAF9C972819B44A005F1CE3 /* addViewController.swift */,
				4DF187AD28191D0A002FD955 /* Assets.xcassets */,
				4DF187AF28191D0A002FD955 /* LaunchScreen.storyboard */,
				4DF187B228191D0A002FD955 /* Info.plist */,
			);
			path = nano1;
			sourceTree = "<group>";
		};
/* End PBXGroup section */

/* Begin PBXNativeTarget section */
		4DF187A028191D08002FD955 /* nano1 */ = {
			isa = PBXNativeTarget;
			buildConfigurationList = 4DF187B528191D0A002FD955 /* Build configuration list for PBXNativeTarget "nano1" */;
			buildPhases = (
				4DF1879D28191D08002FD955 /* Sources */,
				4DF1879E28191D08002FD955 /* Frameworks */,
				4DF1879F28191D08002FD955 /* Resources */,
			);
			buildRules = (
			);
			dependencies = (
			);
			name = nano1;
			productName = nano1;
			productReference = 4DF187A128191D08002FD955 /* nano1.app */;
			productType = "com.apple.product-type.application";
		};
/* End PBXNativeTarget section */

/* Begin PBXProject section */
		4DF1879928191D08002FD955 /* Project object */ = {
			isa = PBXProject;
			attributes = {
				BuildIndependentTargetsInParallel = 1;
				LastSwiftUpdateCheck = 1330;
				LastUpgradeCheck = 1330;
				TargetAttributes = {
					4DF187A028191D08002FD955 = {
						CreatedOnToolsVersion = 13.3;
					};
				};
			};
			buildConfigurationList = 4DF1879C28191D08002FD955 /* Build configuration list for PBXProject "nano1" */;
			compatibilityVersion = "Xcode 13.0";
			developmentRegion = en;
			hasScannedForEncodings = 0;
			knownRegions = (
				en,
				Base,
			);
			mainGroup = 4DF1879828191D08002FD955;
			productRefGroup = 4DF187A228191D08002FD955 /* Products */;
			projectDirPath = "";
			projectRoot = "";
			targets = (
				4DF187A028191D08002FD955 /* nano1 */,
			);
		};
/* End PBXProject section */

/* Begin PBXResourcesBuildPhase section */
		4DF1879F28191D08002FD955 /* Resources */ = {
			isa = PBXResourcesBuildPhase;
			buildActionMask = 2147483647;
			files = (
				4DF187B128191D0A002FD955 /* LaunchScreen.storyboard in Resources */,
				4DF187AE28191D0A002FD955 /* Assets.xcassets in Resources */,
				4DBC1FDA281B1C6400A297FB /* ActivityTableViewCell.xib in Resources */,
				4DF187AC28191D08002FD955 /* Main.storyboard in Resources */,
			);
			runOnlyForDeploymentPostprocessing = 0;
		};
/* End PBXResourcesBuildPhase section */

/* Begin PBXSourcesBuildPhase section */
		4DF1879D28191D08002FD955 /* Sources */ = {
			isa = PBXSourcesBuildPhase;
			buildActionMask = 2147483647;
			files = (
				4DAF9C9A2819B7F5005F1CE3 /* ActDataModel.swift in Sources */,
				4DAF9C9C2819B91D005F1CE3 /* ActDetail.swift in Sources */,
				4DF187A928191D08002FD955 /* ViewController.swift in Sources */,
				4DF187A528191D08002FD955 /* AppDelegate.swift in Sources */,
				4DBC1FD9281B1C6400A297FB /* ActivityTableViewCell.swift in Sources */,
				4DAF9C982819B44A005F1CE3 /* addViewController.swift in Sources */,
				4DF187A728191D08002FD955 /* SceneDelegate.swift in Sources */,
			);
			runOnlyForDeploymentPostprocessing = 0;
		};
/* End PBXSourcesBuildPhase section */

/* Begin PBXVariantGroup section */
		4DF187AA28191D08002FD955 /* Main.storyboard */ = {
			isa = PBXVariantGroup;
			children = (
				4DF187AB28191D08002FD955 /* Base */,
			);
			name = Main.storyboard;
			sourceTree = "<group>";
		};
		4DF187AF28191D0A002FD955 /* LaunchScreen.storyboard */ = {
			isa = PBXVariantGroup;
			children = (
				4DF187B028191D0A002FD955 /* Base */,
			);
			name = LaunchScreen.storyboard;
			sourceTree = "<group>";
		};
/* End PBXVariantGroup section */

/* Begin XCBuildConfiguration section */
		4DF187B328191D0A002FD955 /* Debug */ = {
			isa = XCBuildConfiguration;
			buildSettings = {
				ALWAYS_SEARCH_USER_PATHS = NO;
				CLANG_ANALYZER_NONNULL = YES;
				CLANG_ANALYZER_NUMBER_OBJECT_CONVERSION = YES_AGGRESSIVE;
				CLANG_CXX_LANGUAGE_STANDARD = "gnu++17";
				CLANG_ENABLE_MODULES = YES;
				CLANG_ENABLE_OBJC_ARC = YES;
				CLANG_ENABLE_OBJC_WEAK = YES;
				CLANG_WARN_BLOCK_CAPTURE_AUTORELEASING = YES;
				CLANG_WARN_BOOL_CONVERSION = YES;
				CLANG_WARN_COMMA = YES;
				CLANG_WARN_CONSTANT_CONVERSION = YES;
				CLANG_WARN_DEPRECATED_OBJC_IMPLEMENTATIONS = YES;
				CLANG_WARN_DIRECT_OBJC_ISA_USAGE = YES_ERROR;
				CLANG_WARN_DOCUMENTATION_COMMENTS = YES;
				CLANG_WARN_EMPTY_BODY = YES;
				CLANG_WARN_ENUM_CONVERSION = YES;
				CLANG_WARN_INFINITE_RECURSION = YES;
				CLANG_WARN_INT_CONVERSION = YES;
				CLANG_WARN_NON_LITERAL_NULL_CONVERSION = YES;
				CLANG_WARN_OBJC_IMPLICIT_RETAIN_SELF = YES;
				CLANG_WARN_OBJC_LITERAL_CONVERSION = YES;
				CLANG_WARN_OBJC_ROOT_CLASS = YES_ERROR;
				CLANG_WARN_QUOTED_INCLUDE_IN_FRAMEWORK_HEADER = YES;
				CLANG_WARN_RANGE_LOOP_ANALYSIS = YES;
				CLANG_WARN_STRICT_PROTOTYPES = YES;
				CLANG_WARN_SUSPICIOUS_MOVE = YES;
				CLANG_WARN_UNGUARDED_AVAILABILITY = YES_AGGRESSIVE;
				CLANG_WARN_UNREACHABLE_CODE = YES;
				CLANG_WARN__DUPLICATE_METHOD_MATCH = YES;
				COPY_PHASE_STRIP = NO;
				DEBUG_INFORMATION_FORMAT = dwarf;
				ENABLE_STRICT_OBJC_MSGSEND = YES;
				ENABLE_TESTABILITY = YES;
				GCC_C_LANGUAGE_STANDARD = gnu11;
				GCC_DYNAMIC_NO_PIC = NO;
				GCC_NO_COMMON_BLOCKS = YES;
				GCC_OPTIMIZATION_LEVEL = 0;
				GCC_PREPROCESSOR_DEFINITIONS = (
					"DEBUG=1",
					"$(inherited)",
				);
				GCC_WARN_64_TO_32_BIT_CONVERSION = YES;
				GCC_WARN_ABOUT_RETURN_TYPE = YES_ERROR;
				GCC_WARN_UNDECLARED_SELECTOR = YES;
				GCC_WARN_UNINITIALIZED_AUTOS = YES_AGGRESSIVE;
				GCC_WARN_UNUSED_FUNCTION = YES;
				GCC_WARN_UNUSED_VARIABLE = YES;
				IPHONEOS_DEPLOYMENT_TARGET = 15.4;
				MTL_ENABLE_DEBUG_INFO = INCLUDE_SOURCE;
				MTL_FAST_MATH = YES;
				ONLY_ACTIVE_ARCH = YES;
				SDKROOT = iphoneos;
				SWIFT_ACTIVE_COMPILATION_CONDITIONS = DEBUG;
				SWIFT_OPTIMIZATION_LEVEL = "-Onone";
			};
			name = Debug;
		};
		4DF187B428191D0A002FD955 /* Release */ = {
			isa = XCBuildConfiguration;
			buildSettings = {
				ALWAYS_SEARCH_USER_PATHS = NO;
				CLANG_ANALYZER_NONNULL = YES;
				CLANG_ANALYZER_NUMBER_OBJECT_CONVERSION = YES_AGGRESSIVE;
				CLANG_CXX_LANGUAGE_STANDARD = "gnu++17";
				CLANG_ENABLE_MODULES = YES;
				CLANG_ENABLE_OBJC_ARC = YES;
				CLANG_ENABLE_OBJC_WEAK = YES;
				CLANG_WARN_BLOCK_CAPTURE_AUTORELEASING = YES;
				CLANG_WARN_BOOL_CONVERSION = YES;
				CLANG_WARN_COMMA = YES;
				CLANG_WARN_CONSTANT_CONVERSION = YES;
				CLANG_WARN_DEPRECATED_OBJC_IMPLEMENTATIONS = YES;
				CLANG_WARN_DIRECT_OBJC_ISA_USAGE = YES_ERROR;
				CLANG_WARN_DOCUMENTATION_COMMENTS = YES;
				CLANG_WARN_EMPTY_BODY = YES;
				CLANG_WARN_ENUM_CONVERSION = YES;
				CLANG_WARN_INFINITE_RECURSION = YES;
				CLANG_WARN_INT_CONVERSION = YES;
				CLANG_WARN_NON_LITERAL_NULL_CONVERSION = YES;
				CLANG_WARN_OBJC_IMPLICIT_RETAIN_SELF = YES;
				CLANG_WARN_OBJC_LITERAL_CONVERSION = YES;
				CLANG_WARN_OBJC_ROOT_CLASS = YES_ERROR;
				CLANG_WARN_QUOTED_INCLUDE_IN_FRAMEWORK_HEADER = YES;
				CLANG_WARN_RANGE_LOOP_ANALYSIS = YES;
				CLANG_WARN_STRICT_PROTOTYPES = YES;
				CLANG_WARN_SUSPICIOUS_MOVE = YES;
				CLANG_WARN_UNGUARDED_AVAILABILITY = YES_AGGRESSIVE;
				CLANG_WARN_UNREACHABLE_CODE = YES;
				CLANG_WARN__DUPLICATE_METHOD_MATCH = YES;
				COPY_PHASE_STRIP = NO;
				DEBUG_INFORMATION_FORMAT = "dwarf-with-dsym";
				ENABLE_NS_ASSERTIONS = NO;
				ENABLE_STRICT_OBJC_MSGSEND = YES;
				GCC_C_LANGUAGE_STANDARD = gnu11;
				GCC_NO_COMMON_BLOCKS = YES;
				GCC_WARN_64_TO_32_BIT_CONVERSION = YES;
				GCC_WARN_ABOUT_RETURN_TYPE = YES_ERROR;
				GCC_WARN_UNDECLARED_SELECTOR = YES;
				GCC_WARN_UNINITIALIZED_AUTOS = YES_AGGRESSIVE;
				GCC_WARN_UNUSED_FUNCTION = YES;
				GCC_WARN_UNUSED_VARIABLE = YES;
				IPHONEOS_DEPLOYMENT_TARGET = 15.4;
				MTL_ENABLE_DEBUG_INFO = NO;
				MTL_FAST_MATH = YES;
				SDKROOT = iphoneos;
				SWIFT_COMPILATION_MODE = wholemodule;
				SWIFT_OPTIMIZATION_LEVEL = "-O";
				VALIDATE_PRODUCT = YES;
			};
			name = Release;
		};
		4DF187B628191D0A002FD955 /* Debug */ = {
			isa = XCBuildConfiguration;
			buildSettings = {
				ASSETCATALOG_COMPILER_APPICON_NAME = AppIcon;
				ASSETCATALOG_COMPILER_GLOBAL_ACCENT_COLOR_NAME = AccentColor;
				CODE_SIGN_STYLE = Automatic;
				CURRENT_PROJECT_VERSION = 1;
				DEVELOPMENT_TEAM = 9H52FNAF56;
				GENERATE_INFOPLIST_FILE = YES;
				INFOPLIST_FILE = nano1/Info.plist;
				INFOPLIST_KEY_UIApplicationSupportsIndirectInputEvents = YES;
				INFOPLIST_KEY_UILaunchStoryboardName = LaunchScreen;
				INFOPLIST_KEY_UIMainStoryboardFile = Main;
				INFOPLIST_KEY_UISupportedInterfaceOrientations_iPad = "UIInterfaceOrientationPortrait UIInterfaceOrientationPortraitUpsideDown UIInterfaceOrientationLandscapeLeft UIInterfaceOrientationLandscapeRight";
				INFOPLIST_KEY_UISupportedInterfaceOrientations_iPhone = "UIInterfaceOrientationPortrait UIInterfaceOrientationLandscapeLeft UIInterfaceOrientationLandscapeRight";
				LD_RUNPATH_SEARCH_PATHS = (
					"$(inherited)",
					"@executable_path/Frameworks",
				);
				MARKETING_VERSION = 1.0;
				PRODUCT_BUNDLE_IDENTIFIER = com.AppleDeveloperAcademyBinus.nano1;
				PRODUCT_NAME = "$(TARGET_NAME)";
				SWIFT_EMIT_LOC_STRINGS = YES;
				SWIFT_VERSION = 5.0;
				TARGETED_DEVICE_FAMILY = "1,2";
			};
			name = Debug;
		};
		4DF187B728191D0A002FD955 /* Release */ = {
			isa = XCBuildConfiguration;
			buildSettings = {
				ASSETCATALOG_COMPILER_APPICON_NAME = AppIcon;
				ASSETCATALOG_COMPILER_GLOBAL_ACCENT_COLOR_NAME = AccentColor;
				CODE_SIGN_STYLE = Automatic;
				CURRENT_PROJECT_VERSION = 1;
				DEVELOPMENT_TEAM = 9H52FNAF56;
				GENERATE_INFOPLIST_FILE = YES;
				INFOPLIST_FILE = nano1/Info.plist;
				INFOPLIST_KEY_UIApplicationSupportsIndirectInputEvents = YES;
				INFOPLIST_KEY_UILaunchStoryboardName = LaunchScreen;
				INFOPLIST_KEY_UIMainStoryboardFile = Main;
				INFOPLIST_KEY_UISupportedInterfaceOrientations_iPad = "UIInterfaceOrientationPortrait UIInterfaceOrientationPortraitUpsideDown UIInterfaceOrientationLandscapeLeft UIInterfaceOrientationLandscapeRight";
				INFOPLIST_KEY_UISupportedInterfaceOrientations_iPhone = "UIInterfaceOrientationPortrait UIInterfaceOrientationLandscapeLeft UIInterfaceOrientationLandscapeRight";
				LD_RUNPATH_SEARCH_PATHS = (
					"$(inherited)",
					"@executable_path/Frameworks",
				);
				MARKETING_VERSION = 1.0;
				PRODUCT_BUNDLE_IDENTIFIER = com.AppleDeveloperAcademyBinus.nano1;
				PRODUCT_NAME = "$(TARGET_NAME)";
				SWIFT_EMIT_LOC_STRINGS = YES;
				SWIFT_VERSION = 5.0;
				TARGETED_DEVICE_FAMILY = "1,2";
			};
			name = Release;
		};
/* End XCBuildConfiguration section */

/* Begin XCConfigurationList section */
		4DF1879C28191D08002FD955 /* Build configuration list for PBXProject "nano1" */ = {
			isa = XCConfigurationList;
			buildConfigurations = (
				4DF187B328191D0A002FD955 /* Debug */,
				4DF187B428191D0A002FD955 /* Release */,
			);
			defaultConfigurationIsVisible = 0;
			defaultConfigurationName = Release;
		};
		4DF187B528191D0A002FD955 /* Build configuration list for PBXNativeTarget "nano1" */ = {
			isa = XCConfigurationList;
			buildConfigurations = (
				4DF187B628191D0A002FD955 /* Debug */,
				4DF187B728191D0A002FD955 /* Release */,
			);
			defaultConfigurationIsVisible = 0;
			defaultConfigurationName = Release;
		};
/* End XCConfigurationList section */
	};
	rootObject = 4DF1879928191D08002FD955 /* Project object */;
}
